<?xml version="1.0" encoding="utf-8"?>
<Project ToolsVersion="4.0" xmlns="http://schemas.microsoft.com/developer/msbuild/2003">
  <ItemGroup>
    <Filter Include="Source Files">
      <UniqueIdentifier>{4FC737F1-C7A5-4376-A066-2A32D752A2FF}</UniqueIdentifier>
      <Extensions>cpp;c;cc;cxx;c++;cppm;ixx;def;odl;idl;hpj;bat;asm;asmx</Extensions>
    </Filter>
    <Filter Include="Header Files">
      <UniqueIdentifier>{93995380-89BD-4b04-88EB-625FBE52EBFB}</UniqueIdentifier>
      <Extensions>h;hh;hpp;hxx;h++;hm;inl;inc;ipp;xsd</Extensions>
    </Filter>
    <Filter Include="Resource Files">
      <UniqueIdentifier>{67DA6AB6-F800-4c08-8B7A-83BB121AAD01}</UniqueIdentifier>
      <Extensions>rc;ico;cur;bmp;dlg;rc2;rct;bin;rgs;gif;jpg;jpeg;jpe;resx;tiff;tif;png;wav;mfcribbon-ms</Extensions>
    </Filter>
    <Filter Include="Header Files\GameScreen">
      <UniqueIdentifier>{af9fd17c-1745-43af-a9be-ffc0b2435668}</UniqueIdentifier>
    </Filter>
    <Filter Include="Source Files\GameScreen">
      <UniqueIdentifier>{8605d5bc-e353-4d62-958a-585361ae5506}</UniqueIdentifier>
    </Filter>
    <Filter Include="Source Files\Character">
      <UniqueIdentifier>{956e841a-d48f-414a-b0bf-2597dc0bc4b0}</UniqueIdentifier>
    </Filter>
    <Filter Include="Header Files\Character">
      <UniqueIdentifier>{8a609294-03c4-4319-ae36-49e282253019}</UniqueIdentifier>
    </Filter>
    <Filter Include="Header Files\Functionality">
      <UniqueIdentifier>{b83f0a36-cf3f-4549-958a-056f611f7c26}</UniqueIdentifier>
    </Filter>
    <Filter Include="Header Files\Data">
      <UniqueIdentifier>{3b442ff8-de72-44a6-bfd6-7153c10bf5f0}</UniqueIdentifier>
    </Filter>
    <Filter Include="Source Files\Functionality">
      <UniqueIdentifier>{bb161952-81ab-4b5e-bc35-b01f8331150d}</UniqueIdentifier>
    </Filter>
    <Filter Include="Header Files\GameObject">
      <UniqueIdentifier>{97b69cb9-b55d-43e6-ae57-310cbd145263}</UniqueIdentifier>
    </Filter>
    <Filter Include="Source Files\GameObject">
      <UniqueIdentifier>{d2852df9-62d1-4cc9-b2ad-3d05ecf5afef}</UniqueIdentifier>
    </Filter>
  </ItemGroup>
  <ItemGroup>
    <ClCompile Include="GEC-sem2.cpp">
      <Filter>Source Files</Filter>
    </ClCompile>
    <ClCompile Include="GameScreen.cpp">
      <Filter>Source Files\GameScreen</Filter>
    </ClCompile>
    <ClCompile Include="GameScreenLevel1.cpp">
      <Filter>Source Files\GameScreen</Filter>
    </ClCompile>
    <ClCompile Include="GameScreenManager.cpp">
      <Filter>Source Files\GameScreen</Filter>
    </ClCompile>
    <ClCompile Include="GameScreenMenu.cpp">
      <Filter>Source Files\GameScreen</Filter>
    </ClCompile>
    <ClCompile Include="Character.cpp">
      <Filter>Source Files\Character</Filter>
    </ClCompile>
    <ClCompile Include="CharacterMario.cpp">
      <Filter>Source Files\Character</Filter>
    </ClCompile>
    <ClCompile Include="CharacterLuigi.cpp">
      <Filter>Source Files\Character</Filter>
    </ClCompile>
    <ClCompile Include="Collisions.cpp">
      <Filter>Source Files\Functionality</Filter>
    </ClCompile>
    <ClCompile Include="Texture2D.cpp">
      <Filter>Source Files\Functionality</Filter>
    </ClCompile>
    <ClCompile Include="PowBlock.cpp">
      <Filter>Source Files\GameObject</Filter>
    </ClCompile>
    <ClCompile Include="CharacterKoopa.cpp">
      <Filter>Source Files\Character</Filter>
    </ClCompile>
    <ClCompile Include="CharacterCoin.cpp">
      <Filter>Source Files\Character</Filter>
    </ClCompile>
    <ClCompile Include="LevelMap.cpp">
      <Filter>Source Files\Functionality</Filter>
    </ClCompile>
  </ItemGroup>
  <ItemGroup>
    <Library Include="SDL2\SDL\SDL2.lib" />
    <Library Include="SDL2\SDL\SDL2_image.lib" />
    <Library Include="SDL2\SDL\SDL2_mixer.lib" />
    <Library Include="SDL2\SDL\SDL2main.lib" />
  </ItemGroup>
  <ItemGroup>
    <ClInclude Include="GameScreen.h">
      <Filter>Header Files\GameScreen</Filter>
    </ClInclude>
    <ClInclude Include="GameScreenLevel1.h">
      <Filter>Header Files\GameScreen</Filter>
    </ClInclude>
    <ClInclude Include="GameScreenManager.h">
      <Filter>Header Files\GameScreen</Filter>
    </ClInclude>
    <ClInclude Include="GameScreenMenu.h">
      <Filter>Header Files\GameScreen</Filter>
    </ClInclude>
    <ClInclude Include="Character.h">
      <Filter>Header Files\Character</Filter>
    </ClInclude>
    <ClInclude Include="CharacterMario.h">
      <Filter>Header Files\Character</Filter>
    </ClInclude>
    <ClInclude Include="CharacterLuigi.h">
      <Filter>Header Files\Character</Filter>
    </ClInclude>
    <ClInclude Include="Collisions.h">
      <Filter>Header Files\Functionality</Filter>
    </ClInclude>
    <ClInclude Include="Texture2D.h">
      <Filter>Header Files\Functionality</Filter>
    </ClInclude>
    <ClInclude Include="Commons.h">
      <Filter>Header Files\Data</Filter>
    </ClInclude>
    <ClInclude Include="Constants.h">
      <Filter>Header Files\Data</Filter>
    </ClInclude>
    <ClInclude Include="PowBlock.h">
      <Filter>Header Files\GameObject</Filter>
    </ClInclude>
    <ClInclude Include="CharacterKoopa.h">
      <Filter>Header Files\Character</Filter>
    </ClInclude>
    <ClInclude Include="CharacterCoin.h">
      <Filter>Header Files\Character</Filter>
    </ClInclude>
    <ClInclude Include="LevelMap.h">
      <Filter>Header Files\Functionality</Filter>
    </ClInclude>
  </ItemGroup>
</Project>